
Microsoft Visual Studio Solution File, Format Version 12.00
# Visual Studio Version 17
VisualStudioVersion = 17.0.31903.59
MinimumVisualStudioVersion = 10.0.40219.1
Project("{2150E333-8FDC-42A3-9474-1A3956D46DE8}") = "src", "src", "{827E0CD3-B72D-47B6-A68D-7590B98EB39B}"
EndProject
Project("{FAE04EC0-301F-11D3-BF4B-00C04F79EFBC}") = "StockBite.Domain", "src\StockBite.Domain\StockBite.Domain.csproj", "{A826D9BA-AB9F-47D2-B8A3-FED3C0D63B05}"
EndProject
Project("{FAE04EC0-301F-11D3-BF4B-00C04F79EFBC}") = "StockBite.Application", "src\StockBite.Application\StockBite.Application.csproj", "{56B29FA4-3406-44C8-81D6-6E2349AEB357}"
EndProject
Project("{FAE04EC0-301F-11D3-BF4B-00C04F79EFBC}") = "StockBite.Infrastructure", "src\StockBite.Infrastructure\StockBite.Infrastructure.csproj", "{71E95221-54EF-4012-B9F8-C6F36054B46F}"
EndProject
Project("{FAE04EC0-301F-11D3-BF4B-00C04F79EFBC}") = "StockBite.Api", "src\StockBite.Api\StockBite.Api.csproj", "{6D5BB4FD-4F38-40C3-A8E8-C6814C8C9475}"
EndProject
Global
	GlobalSection(SolutionConfigurationPlatforms) = preSolution
		Debug|Any CPU = Debug|Any CPU
		Debug|x64 = Debug|x64
		Debug|x86 = Debug|x86
		Release|Any CPU = Release|Any CPU
		Release|x64 = Release|x64
		Release|x86 = Release|x86
	EndGlobalSection
	GlobalSection(ProjectConfigurationPlatforms) = postSolution
		{A826D9BA-AB9F-47D2-B8A3-FED3C0D63B05}.Debug|Any CPU.ActiveCfg = Debug|Any CPU
		{A826D9BA-AB9F-47D2-B8A3-FED3C0D63B05}.Debug|Any CPU.Build.0 = Debug|Any CPU
		{A826D9BA-AB9F-47D2-B8A3-FED3C0D63B05}.Debug|x64.ActiveCfg = Debug|Any CPU
		{A826D9BA-AB9F-47D2-B8A3-FED3C0D63B05}.Debug|x64.Build.0 = Debug|Any CPU
		{A826D9BA-AB9F-47D2-B8A3-FED3C0D63B05}.Debug|x86.ActiveCfg = Debug|Any CPU
		{A826D9BA-AB9F-47D2-B8A3-FED3C0D63B05}.Debug|x86.Build.0 = Debug|Any CPU
		{A826D9BA-AB9F-47D2-B8A3-FED3C0D63B05}.Release|Any CPU.ActiveCfg = Release|Any CPU
		{A826D9BA-AB9F-47D2-B8A3-FED3C0D63B05}.Release|Any CPU.Build.0 = Release|Any CPU
		{A826D9BA-AB9F-47D2-B8A3-FED3C0D63B05}.Release|x64.ActiveCfg = Release|Any CPU
		{A826D9BA-AB9F-47D2-B8A3-FED3C0D63B05}.Release|x64.Build.0 = Release|Any CPU
		{A826D9BA-AB9F-47D2-B8A3-FED3C0D63B05}.Release|x86.ActiveCfg = Release|Any CPU
		{A826D9BA-AB9F-47D2-B8A3-FED3C0D63B05}.Release|x86.Build.0 = Release|Any CPU
		{56B29FA4-3406-44C8-81D6-6E2349AEB357}.Debug|Any CPU.ActiveCfg = Debug|Any CPU
		{56B29FA4-3406-44C8-81D6-6E2349AEB357}.Debug|Any CPU.Build.0 = Debug|Any CPU
		{56B29FA4-3406-44C8-81D6-6E2349AEB357}.Debug|x64.ActiveCfg = Debug|Any CPU
		{56B29FA4-3406-44C8-81D6-6E2349AEB357}.Debug|x64.Build.0 = Debug|Any CPU
		{56B29FA4-3406-44C8-81D6-6E2349AEB357}.Debug|x86.ActiveCfg = Debug|Any CPU
		{56B29FA4-3406-44C8-81D6-6E2349AEB357}.Debug|x86.Build.0 = Debug|Any CPU
		{56B29FA4-3406-44C8-81D6-6E2349AEB357}.Release|Any CPU.ActiveCfg = Release|Any CPU
		{56B29FA4-3406-44C8-81D6-6E2349AEB357}.Release|Any CPU.Build.0 = Release|Any CPU
		{56B29FA4-3406-44C8-81D6-6E2349AEB357}.Release|x64.ActiveCfg = Release|Any CPU
		{56B29FA4-3406-44C8-81D6-6E2349AEB357}.Release|x64.Build.0 = Release|Any CPU
		{56B29FA4-3406-44C8-81D6-6E2349AEB357}.Release|x86.ActiveCfg = Release|Any CPU
		{56B29FA4-3406-44C8-81D6-6E2349AEB357}.Release|x86.Build.0 = Release|Any CPU
		{71E95221-54EF-4012-B9F8-C6F36054B46F}.Debug|Any CPU.ActiveCfg = Debug|Any CPU
		{71E95221-54EF-4012-B9F8-C6F36054B46F}.Debug|Any CPU.Build.0 = Debug|Any CPU
		{71E95221-54EF-4012-B9F8-C6F36054B46F}.Debug|x64.ActiveCfg = Debug|Any CPU
		{71E95221-54EF-4012-B9F8-C6F36054B46F}.Debug|x64.Build.0 = Debug|Any CPU
		{71E95221-54EF-4012-B9F8-C6F36054B46F}.Debug|x86.ActiveCfg = Debug|Any CPU
		{71E95221-54EF-4012-B9F8-C6F36054B46F}.Debug|x86.Build.0 = Debug|Any CPU
		{71E95221-54EF-4012-B9F8-C6F36054B46F}.Release|Any CPU.ActiveCfg = Release|Any CPU
		{71E95221-54EF-4012-B9F8-C6F36054B46F}.Release|Any CPU.Build.0 = Release|Any CPU
		{71E95221-54EF-4012-B9F8-C6F36054B46F}.Release|x64.ActiveCfg = Release|Any CPU
		{71E95221-54EF-4012-B9F8-C6F36054B46F}.Release|x64.Build.0 = Release|Any CPU
		{71E95221-54EF-4012-B9F8-C6F36054B46F}.Release|x86.ActiveCfg = Release|Any CPU
		{71E95221-54EF-4012-B9F8-C6F36054B46F}.Release|x86.Build.0 = Release|Any CPU
		{6D5BB4FD-4F38-40C3-A8E8-C6814C8C9475}.Debug|Any CPU.ActiveCfg = Debug|Any CPU
		{6D5BB4FD-4F38-40C3-A8E8-C6814C8C9475}.Debug|Any CPU.Build.0 = Debug|Any CPU
		{6D5BB4FD-4F38-40C3-A8E8-C6814C8C9475}.Debug|x64.ActiveCfg = Debug|Any CPU
		{6D5BB4FD-4F38-40C3-A8E8-C6814C8C9475}.Debug|x64.Build.0 = Debug|Any CPU
		{6D5BB4FD-4F38-40C3-A8E8-C6814C8C9475}.Debug|x86.ActiveCfg = Debug|Any CPU
		{6D5BB4FD-4F38-40C3-A8E8-C6814C8C9475}.Debug|x86.Build.0 = Debug|Any CPU
		{6D5BB4FD-4F38-40C3-A8E8-C6814C8C9475}.Release|Any CPU.ActiveCfg = Release|Any CPU
		{6D5BB4FD-4F38-40C3-A8E8-C6814C8C9475}.Release|Any CPU.Build.0 = Release|Any CPU
		{6D5BB4FD-4F38-40C3-A8E8-C6814C8C9475}.Release|x64.ActiveCfg = Release|Any CPU
		{6D5BB4FD-4F38-40C3-A8E8-C6814C8C9475}.Release|x64.Build.0 = Release|Any CPU
		{6D5BB4FD-4F38-40C3-A8E8-C6814C8C9475}.Release|x86.ActiveCfg = Release|Any CPU
		{6D5BB4FD-4F38-40C3-A8E8-C6814C8C9475}.Release|x86.Build.0 = Release|Any CPU
	EndGlobalSection
	GlobalSection(SolutionProperties) = preSolution
		HideSolutionNode = FALSE
	EndGlobalSection
	GlobalSection(NestedProjects) = preSolution
		{A826D9BA-AB9F-47D2-B8A3-FED3C0D63B05} = {827E0CD3-B72D-47B6-A68D-7590B98EB39B}
		{56B29FA4-3406-44C8-81D6-6E2349AEB357} = {827E0CD3-B72D-47B6-A68D-7590B98EB39B}
		{71E95221-54EF-4012-B9F8-C6F36054B46F} = {827E0CD3-B72D-47B6-A68D-7590B98EB39B}
		{6D5BB4FD-4F38-40C3-A8E8-C6814C8C9475} = {827E0CD3-B72D-47B6-A68D-7590B98EB39B}
	EndGlobalSection
EndGlobal
